{
    "_readme": [
        "This file locks the dependencies of your project to a known state",
        "Read more about it at https://getcomposer.org/doc/01-basic-usage.md#composer-lock-the-lock-file",
        "This file is @generated automatically"
    ],
    "hash": "f4846f9fb6cc366f3803a957dcd63d0c",
    "content-hash": "d99f7367f70e4c94b64756ba971aaa0b",
    "packages": [
        {
            "name": "coloredcow/laravel-twilio",
            "version": "1.0.0",
            "source": {
                "type": "git",
                "url": "https://github.com/coloredcow/laravel-twilio.git",
                "reference": "abc3b6bf84247c2d1b1fc1eaf1c929fb6200f134"
            },
            "require": {
                "composer/installers": "v1.0.1",
                "php": ">=5.5.12",
                "twilio/sdk": "^4.10"
            },
            "type": "library",
            "license": [
                "GPL-3.0+"
            ],
            "authors": [
                {
                    "name": "Nishanth KD",
                    "email": "kd@coloredcow.in",
                    "homepage": "http://coloredcow.in"
                }
            ],
            "description": "Twilio Integration for Laravel",
            "homepage": "http://coloredcow.in",
            "keywords": [
                "laravel",
                "php-twilio",
                "twilio",
                "twilio-php-sdk"
            ],
            "time": "2016-06-14 10:55:04"
        },
        {
            "name": "composer/installers",
            "version": "v1.0.1",
            "source": {
                "type": "git",
                "url": "https://github.com/composer/installers.git",
                "reference": "a04e254642d88a9c21e70261072ad486ac675251"
            },
            "dist": {
                "type": "zip",
                "url": "https://api.github.com/repos/composer/installers/zipball/a04e254642d88a9c21e70261072ad486ac675251",
                "reference": "a04e254642d88a9c21e70261072ad486ac675251",
                "shasum": ""
            },
            "replace": {
                "shama/baton": "*"
            },
            "require-dev": {
                "composer/composer": "1.0.*@dev",
                "phpunit/phpunit": "3.7.*"
            },
            "type": "composer-installer",
            "extra": {
                "class": "Composer\\Installers\\Installer"
            },
            "autoload": {
                "psr-0": {
                    "Composer\\Installers\\": "src/"
                }
            },
            "notification-url": "https://packagist.org/downloads/",
            "license": [
                "MIT"
            ],
            "authors": [
                {
                    "name": "Kyle Robinson Young",
                    "email": "kyle@dontkry.com",
                    "homepage": "https://github.com/shama",
                    "role": "Developer"
                }
            ],
            "description": "A multi-framework Composer library installer",
            "homepage": "http://composer.github.com/installers/",
            "keywords": [
                "TYPO3 Flow",
                "TYPO3 Neos",
                "agl",
                "cakephp",
                "codeigniter",
                "drupal",
                "fuelphp",
                "installer",
                "joomla",
                "kohana",
                "laravel",
                "li3",
                "lithium",
                "mako",
                "phpbb",
                "ppi",
                "silverstripe",
                "symfony",
                "wordpress",
                "zend"
            ],
            "time": "2013-01-14 07:14:45"
        },
        {
            "name": "twilio/sdk",
            "version": "4.10.0",
            "source": {
                "type": "git",
                "url": "https://github.com/twilio/twilio-php.git",
                "reference": "292fef46097bcc935007a117ddce9acc40a1a8c1"
            },
            "dist": {
                "type": "zip",
                "url": "https://api.github.com/repos/twilio/twilio-php/zipball/292fef46097bcc935007a117ddce9acc40a1a8c1",
                "reference": "292fef46097bcc935007a117ddce9acc40a1a8c1",
                "shasum": ""
            },
            "require": {
                "php": ">=5.2.1"
            },
            "require-dev": {
                "mockery/mockery": ">=0.7.2",
                "phpunit/phpunit": "4.5.*"
            },
            "type": "library",
            "autoload": {
                "files": [
                    "Services/Twilio.php"
                ]
            },
            "notification-url": "https://packagist.org/downloads/",
            "license": [
                "MIT"
            ],
            "authors": [
                {
                    "name": "Kevin Burke",
                    "email": "kevin@twilio.com"
                },
                {
                    "name": "Kyle Conroy",
                    "email": "kyle+pear@twilio.com"
                }
            ],
            "description": "A PHP wrapper for Twilio's API",
            "homepage": "http://github.com/twilio/twilio-php",
            "keywords": [
                "api",
                "sms",
                "twilio"
            ],
            "time": "2016-01-29 00:19:22"
        }
    ],
    "packages-dev": [],
    "aliases": [],
    "minimum-stability": "stable",
    "stability-flags": [],
    "prefer-stable": false,
    "prefer-lowest": false,
    "platform": {
        "php": ">=5.5.12"
    },
    "platform-dev": []
}
